// !$*UTF8*$!
{
	archiveVersion = 1;
	classes = {
	};
	objectVersion = 56;
	objects = {

/* Begin PBXBuildFile section */
		3B4402FA29A2A2F2003CAB42 /* EarthquakesApp.swift in Sources */ = {isa = PBXBuildFile; fileRef = 3B4402F929A2A2F2003CAB42 /* EarthquakesApp.swift */; };
		3B4402FE29A2A2F5003CAB42 /* Assets.xcassets in Resources */ = {isa = PBXBuildFile; fileRef = 3B4402FD29A2A2F5003CAB42 /* Assets.xcassets */; };
		3B44030129A2A2F5003CAB42 /* Preview Assets.xcassets in Resources */ = {isa = PBXBuildFile; fileRef = 3B44030029A2A2F5003CAB42 /* Preview Assets.xcassets */; };
		3B44030829A2A30A003CAB42 /* README.md in Resources */ = {isa = PBXBuildFile; fileRef = 3B44030729A2A30A003CAB42 /* README.md */; };
		3BA42AFA29BCBEDA00A05D40 /* Quake.swift in Sources */ = {isa = PBXBuildFile; fileRef = 3BA42AF929BCBEDA00A05D40 /* Quake.swift */; };
		3BA42AFC29BCBFAB00A05D40 /* QuakeError.swift in Sources */ = {isa = PBXBuildFile; fileRef = 3BA42AFB29BCBFAB00A05D40 /* QuakeError.swift */; };
		3BA42B0429BCC2DE00A05D40 /* EarthquakesTests.swift in Sources */ = {isa = PBXBuildFile; fileRef = 3BA42B0329BCC2DE00A05D40 /* EarthquakesTests.swift */; };
		3BA42B0D29BD902100A05D40 /* GeoJSON.swift in Sources */ = {isa = PBXBuildFile; fileRef = 3BA42B0C29BD902100A05D40 /* GeoJSON.swift */; };
		3BA42B0F29BD938900A05D40 /* QuakeLocation.swift in Sources */ = {isa = PBXBuildFile; fileRef = 3BA42B0E29BD938900A05D40 /* QuakeLocation.swift */; };
		3BA42B1129BD9AD000A05D40 /* HTTPDataDownloader.swift in Sources */ = {isa = PBXBuildFile; fileRef = 3BA42B1029BD9AD000A05D40 /* HTTPDataDownloader.swift */; };
		3BA42B1329BD9B8500A05D40 /* QuakeClient.swift in Sources */ = {isa = PBXBuildFile; fileRef = 3BA42B1229BD9B8500A05D40 /* QuakeClient.swift */; };
		3BA42B1429BD9CC600A05D40 /* TestData.swift in Sources */ = {isa = PBXBuildFile; fileRef = 3BA42B0A29BCC36600A05D40 /* TestData.swift */; };
		3BA42B1629BD9D4A00A05D40 /* TestDownloader.swift in Sources */ = {isa = PBXBuildFile; fileRef = 3BA42B1529BD9D4A00A05D40 /* TestDownloader.swift */; };
		3BA42B1829BD9FC300A05D40 /* Quakes.swift in Sources */ = {isa = PBXBuildFile; fileRef = 3BA42B1729BD9FC300A05D40 /* Quakes.swift */; };
		3BA42B1A29BDA01300A05D40 /* QuakeRow.swift in Sources */ = {isa = PBXBuildFile; fileRef = 3BA42B1929BDA01300A05D40 /* QuakeRow.swift */; };
		3BA42B1C29BDA04900A05D40 /* QuakeMagnitude.swift in Sources */ = {isa = PBXBuildFile; fileRef = 3BA42B1B29BDA04900A05D40 /* QuakeMagnitude.swift */; };
		3BA42B1E29BDA07600A05D40 /* Quake+Color.swift in Sources */ = {isa = PBXBuildFile; fileRef = 3BA42B1D29BDA07600A05D40 /* Quake+Color.swift */; };
		3BA42B2129BDA0E800A05D40 /* DeleteButton.swift in Sources */ = {isa = PBXBuildFile; fileRef = 3BA42B2029BDA0E800A05D40 /* DeleteButton.swift */; };
		3BA42B2329BDA0EF00A05D40 /* EditButton.swift in Sources */ = {isa = PBXBuildFile; fileRef = 3BA42B2229BDA0EF00A05D40 /* EditButton.swift */; };
		3BA42B2529BDA0F700A05D40 /* Quakes+Toolbar.swift in Sources */ = {isa = PBXBuildFile; fileRef = 3BA42B2429BDA0F700A05D40 /* Quakes+Toolbar.swift */; };
		3BA42B2729BDA0FE00A05D40 /* RefreshButton.swift in Sources */ = {isa = PBXBuildFile; fileRef = 3BA42B2629BDA0FE00A05D40 /* RefreshButton.swift */; };
		3BA42B2929BDA10500A05D40 /* SelectButton.swift in Sources */ = {isa = PBXBuildFile; fileRef = 3BA42B2829BDA10500A05D40 /* SelectButton.swift */; };
		3BA42B2B29BDA10C00A05D40 /* ToolbarStatus.swift in Sources */ = {isa = PBXBuildFile; fileRef = 3BA42B2A29BDA10C00A05D40 /* ToolbarStatus.swift */; };
		3BA42B2D29BDCDA500A05D40 /* QuakesProvider.swift in Sources */ = {isa = PBXBuildFile; fileRef = 3BA42B2C29BDCDA500A05D40 /* QuakesProvider.swift */; };
		3BA42B2F29BDD33000A05D40 /* CacheEntryObject.swift in Sources */ = {isa = PBXBuildFile; fileRef = 3BA42B2E29BDD33000A05D40 /* CacheEntryObject.swift */; };
		3BA42B3129BDD37800A05D40 /* NSCache+Subscript.swift in Sources */ = {isa = PBXBuildFile; fileRef = 3BA42B3029BDD37800A05D40 /* NSCache+Subscript.swift */; };
		3BA42B3329BDE6D500A05D40 /* Quake+Preview.swift in Sources */ = {isa = PBXBuildFile; fileRef = 3BA42B3229BDE6D500A05D40 /* Quake+Preview.swift */; };
		3BA42B3529BDE79200A05D40 /* QuakeDetail.swift in Sources */ = {isa = PBXBuildFile; fileRef = 3BA42B3429BDE79200A05D40 /* QuakeDetail.swift */; };
		3BA42B3729BDECD100A05D40 /* QuakeDetailMap.swift in Sources */ = {isa = PBXBuildFile; fileRef = 3BA42B3629BDECD100A05D40 /* QuakeDetailMap.swift */; };
/* End PBXBuildFile section */

/* Begin PBXContainerItemProxy section */
		3BA42B0529BCC2DE00A05D40 /* PBXContainerItemProxy */ = {
			isa = PBXContainerItemProxy;
			containerPortal = 3B4402EE29A2A2F2003CAB42 /* Project object */;
			proxyType = 1;
			remoteGlobalIDString = 3B4402F529A2A2F2003CAB42;
			remoteInfo = Earthquakes;
		};
/* End PBXContainerItemProxy section */

/* Begin PBXFileReference section */
		3B4402F629A2A2F2003CAB42 /* Earthquakes.app */ = {isa = PBXFileReference; explicitFileType = wrapper.application; includeInIndex = 0; path = Earthquakes.app; sourceTree = BUILT_PRODUCTS_DIR; };
		3B4402F929A2A2F2003CAB42 /* EarthquakesApp.swift */ = {isa = PBXFileReference; lastKnownFileType = sourcecode.swift; path = EarthquakesApp.swift; sourceTree = "<group>"; };
		3B4402FD29A2A2F5003CAB42 /* Assets.xcassets */ = {isa = PBXFileReference; lastKnownFileType = folder.assetcatalog; path = Assets.xcassets; sourceTree = "<group>"; };
		3B44030029A2A2F5003CAB42 /* Preview Assets.xcassets */ = {isa = PBXFileReference; lastKnownFileType = folder.assetcatalog; path = "Preview Assets.xcassets"; sourceTree = "<group>"; };
		3B44030729A2A30A003CAB42 /* README.md */ = {isa = PBXFileReference; lastKnownFileType = net.daringfireball.markdown; path = README.md; sourceTree = "<group>"; };
		3BA42AF929BCBEDA00A05D40 /* Quake.swift */ = {isa = PBXFileReference; lastKnownFileType = sourcecode.swift; path = Quake.swift; sourceTree = "<group>"; };
		3BA42AFB29BCBFAB00A05D40 /* QuakeError.swift */ = {isa = PBXFileReference; lastKnownFileType = sourcecode.swift; path = QuakeError.swift; sourceTree = "<group>"; };
		3BA42B0129BCC2DE00A05D40 /* EarthquakesTests.xctest */ = {isa = PBXFileReference; explicitFileType = wrapper.cfbundle; includeInIndex = 0; path = EarthquakesTests.xctest; sourceTree = BUILT_PRODUCTS_DIR; };
		3BA42B0329BCC2DE00A05D40 /* EarthquakesTests.swift */ = {isa = PBXFileReference; lastKnownFileType = sourcecode.swift; path = EarthquakesTests.swift; sourceTree = "<group>"; };
		3BA42B0A29BCC36600A05D40 /* TestData.swift */ = {isa = PBXFileReference; lastKnownFileType = sourcecode.swift; path = TestData.swift; sourceTree = "<group>"; };
		3BA42B0C29BD902100A05D40 /* GeoJSON.swift */ = {isa = PBXFileReference; lastKnownFileType = sourcecode.swift; path = GeoJSON.swift; sourceTree = "<group>"; };
		3BA42B0E29BD938900A05D40 /* QuakeLocation.swift */ = {isa = PBXFileReference; lastKnownFileType = sourcecode.swift; path = QuakeLocation.swift; sourceTree = "<group>"; };
		3BA42B1029BD9AD000A05D40 /* HTTPDataDownloader.swift */ = {isa = PBXFileReference; lastKnownFileType = sourcecode.swift; path = HTTPDataDownloader.swift; sourceTree = "<group>"; };
		3BA42B1229BD9B8500A05D40 /* QuakeClient.swift */ = {isa = PBXFileReference; lastKnownFileType = sourcecode.swift; path = QuakeClient.swift; sourceTree = "<group>"; };
		3BA42B1529BD9D4A00A05D40 /* TestDownloader.swift */ = {isa = PBXFileReference; lastKnownFileType = sourcecode.swift; path = TestDownloader.swift; sourceTree = "<group>"; };
		3BA42B1729BD9FC300A05D40 /* Quakes.swift */ = {isa = PBXFileReference; lastKnownFileType = sourcecode.swift; path = Quakes.swift; sourceTree = "<group>"; };
		3BA42B1929BDA01300A05D40 /* QuakeRow.swift */ = {isa = PBXFileReference; lastKnownFileType = sourcecode.swift; path = QuakeRow.swift; sourceTree = "<group>"; };
		3BA42B1B29BDA04900A05D40 /* QuakeMagnitude.swift */ = {isa = PBXFileReference; lastKnownFileType = sourcecode.swift; path = QuakeMagnitude.swift; sourceTree = "<group>"; };
		3BA42B1D29BDA07600A05D40 /* Quake+Color.swift */ = {isa = PBXFileReference; lastKnownFileType = sourcecode.swift; path = "Quake+Color.swift"; sourceTree = "<group>"; };
		3BA42B2029BDA0E800A05D40 /* DeleteButton.swift */ = {isa = PBXFileReference; lastKnownFileType = sourcecode.swift; path = DeleteButton.swift; sourceTree = "<group>"; };
		3BA42B2229BDA0EF00A05D40 /* EditButton.swift */ = {isa = PBXFileReference; lastKnownFileType = sourcecode.swift; path = EditButton.swift; sourceTree = "<group>"; };
		3BA42B2429BDA0F700A05D40 /* Quakes+Toolbar.swift */ = {isa = PBXFileReference; lastKnownFileType = sourcecode.swift; path = "Quakes+Toolbar.swift"; sourceTree = "<group>"; };
		3BA42B2629BDA0FE00A05D40 /* RefreshButton.swift */ = {isa = PBXFileReference; lastKnownFileType = sourcecode.swift; path = RefreshButton.swift; sourceTree = "<group>"; };
		3BA42B2829BDA10500A05D40 /* SelectButton.swift */ = {isa = PBXFileReference; lastKnownFileType = sourcecode.swift; path = SelectButton.swift; sourceTree = "<group>"; };
		3BA42B2A29BDA10C00A05D40 /* ToolbarStatus.swift */ = {isa = PBXFileReference; lastKnownFileType = sourcecode.swift; path = ToolbarStatus.swift; sourceTree = "<group>"; };
		3BA42B2C29BDCDA500A05D40 /* QuakesProvider.swift */ = {isa = PBXFileReference; lastKnownFileType = sourcecode.swift; path = QuakesProvider.swift; sourceTree = "<group>"; };
		3BA42B2E29BDD33000A05D40 /* CacheEntryObject.swift */ = {isa = PBXFileReference; lastKnownFileType = sourcecode.swift; path = CacheEntryObject.swift; sourceTree = "<group>"; };
		3BA42B3029BDD37800A05D40 /* NSCache+Subscript.swift */ = {isa = PBXFileReference; lastKnownFileType = sourcecode.swift; path = "NSCache+Subscript.swift"; sourceTree = "<group>"; };
		3BA42B3229BDE6D500A05D40 /* Quake+Preview.swift */ = {isa = PBXFileReference; lastKnownFileType = sourcecode.swift; path = "Quake+Preview.swift"; sourceTree = "<group>"; };
		3BA42B3429BDE79200A05D40 /* QuakeDetail.swift */ = {isa = PBXFileReference; lastKnownFileType = sourcecode.swift; path = QuakeDetail.swift; sourceTree = "<group>"; };
		3BA42B3629BDECD100A05D40 /* QuakeDetailMap.swift */ = {isa = PBXFileReference; lastKnownFileType = sourcecode.swift; path = QuakeDetailMap.swift; sourceTree = "<group>"; };
		3BB3B7332B9D59C00093EDF2 /* Info.xcconfig */ = {isa = PBXFileReference; lastKnownFileType = text.xcconfig; path = Info.xcconfig; sourceTree = "<group>"; };
		3BB3B7352B9D5B920093EDF2 /* UnitTests.xcconfig */ = {isa = PBXFileReference; lastKnownFileType = text.xcconfig; path = UnitTests.xcconfig; sourceTree = "<group>"; };
/* End PBXFileReference section */

/* Begin PBXFrameworksBuildPhase section */
		3B4402F329A2A2F2003CAB42 /* Frameworks */ = {
			isa = PBXFrameworksBuildPhase;
			buildActionMask = 2147483647;
			files = (
			);
			runOnlyForDeploymentPostprocessing = 0;
		};
		3BA42AFE29BCC2DE00A05D40 /* Frameworks */ = {
			isa = PBXFrameworksBuildPhase;
			buildActionMask = 2147483647;
			files = (
			);
			runOnlyForDeploymentPostprocessing = 0;
		};
/* End PBXFrameworksBuildPhase section */

/* Begin PBXGroup section */
		3B4402ED29A2A2F2003CAB42 = {
			isa = PBXGroup;
			children = (
				3B44030729A2A30A003CAB42 /* README.md */,
				3BB3B7342B9D5A050093EDF2 /* Configuration */,
				3B4402F829A2A2F2003CAB42 /* Earthquakes */,
				3BA42B0229BCC2DE00A05D40 /* EarthquakesTests */,
				3B4402F729A2A2F2003CAB42 /* Products */,
			);
			sourceTree = "<group>";
		};
		3B4402F729A2A2F2003CAB42 /* Products */ = {
			isa = PBXGroup;
			children = (
				3B4402F629A2A2F2003CAB42 /* Earthquakes.app */,
				3BA42B0129BCC2DE00A05D40 /* EarthquakesTests.xctest */,
			);
			name = Products;
			sourceTree = "<group>";
		};
		3B4402F829A2A2F2003CAB42 /* Earthquakes */ = {
			isa = PBXGroup;
			children = (
				3BA42AF629BB6D8B00A05D40 /* Application */,
				3BA42AF729BCBEAE00A05D40 /* Model */,
				3BA42AF829BCBEBA00A05D40 /* View */,
				3BA42AF529BB6D8900A05D40 /* Resources */,
				3BA42AF429BB6D8600A05D40 /* Supporting Files */,
				3B4402FF29A2A2F5003CAB42 /* Preview Content */,
			);
			path = Earthquakes;
			sourceTree = "<group>";
		};
		3B4402FF29A2A2F5003CAB42 /* Preview Content */ = {
			isa = PBXGroup;
			children = (
				3B44030029A2A2F5003CAB42 /* Preview Assets.xcassets */,
				3BA42B0A29BCC36600A05D40 /* TestData.swift */,
				3BA42B1529BD9D4A00A05D40 /* TestDownloader.swift */,
				3BA42B3229BDE6D500A05D40 /* Quake+Preview.swift */,
			);
			path = "Preview Content";
			sourceTree = "<group>";
		};
		3BA42AF429BB6D8600A05D40 /* Supporting Files */ = {
			isa = PBXGroup;
			children = (
			);
			path = "Supporting Files";
			sourceTree = "<group>";
		};
		3BA42AF529BB6D8900A05D40 /* Resources */ = {
			isa = PBXGroup;
			children = (
				3B4402FD29A2A2F5003CAB42 /* Assets.xcassets */,
			);
			path = Resources;
			sourceTree = "<group>";
		};
		3BA42AF629BB6D8B00A05D40 /* Application */ = {
			isa = PBXGroup;
			children = (
				3B4402F929A2A2F2003CAB42 /* EarthquakesApp.swift */,
			);
			path = Application;
			sourceTree = "<group>";
		};
		3BA42AF729BCBEAE00A05D40 /* Model */ = {
			isa = PBXGroup;
			children = (
				3BA42AF929BCBEDA00A05D40 /* Quake.swift */,
				3BA42AFB29BCBFAB00A05D40 /* QuakeError.swift */,
				3BA42B0C29BD902100A05D40 /* GeoJSON.swift */,
				3BA42B0E29BD938900A05D40 /* QuakeLocation.swift */,
				3BA42B1029BD9AD000A05D40 /* HTTPDataDownloader.swift */,
				3BA42B1229BD9B8500A05D40 /* QuakeClient.swift */,
				3BA42B1D29BDA07600A05D40 /* Quake+Color.swift */,
				3BA42B2C29BDCDA500A05D40 /* QuakesProvider.swift */,
				3BA42B2E29BDD33000A05D40 /* CacheEntryObject.swift */,
				3BA42B3029BDD37800A05D40 /* NSCache+Subscript.swift */,
			);
			path = Model;
			sourceTree = "<group>";
		};
		3BA42AF829BCBEBA00A05D40 /* View */ = {
			isa = PBXGroup;
			children = (
				3BA42B1729BD9FC300A05D40 /* Quakes.swift */,
				3BA42B1929BDA01300A05D40 /* QuakeRow.swift */,
				3BA42B1B29BDA04900A05D40 /* QuakeMagnitude.swift */,
				3BA42B3429BDE79200A05D40 /* QuakeDetail.swift */,
				3BA42B3629BDECD100A05D40 /* QuakeDetailMap.swift */,
				3BA42B1F29BDA0B400A05D40 /* ToolbarContent */,
			);
			path = View;
			sourceTree = "<group>";
		};
		3BA42B0229BCC2DE00A05D40 /* EarthquakesTests */ = {
			isa = PBXGroup;
			children = (
				3BA42B0329BCC2DE00A05D40 /* EarthquakesTests.swift */,
			);
			path = EarthquakesTests;
			sourceTree = "<group>";
		};
		3BA42B1F29BDA0B400A05D40 /* ToolbarContent */ = {
			isa = PBXGroup;
			children = (
				3BA42B2029BDA0E800A05D40 /* DeleteButton.swift */,
				3BA42B2229BDA0EF00A05D40 /* EditButton.swift */,
				3BA42B2429BDA0F700A05D40 /* Quakes+Toolbar.swift */,
				3BA42B2629BDA0FE00A05D40 /* RefreshButton.swift */,
				3BA42B2829BDA10500A05D40 /* SelectButton.swift */,
				3BA42B2A29BDA10C00A05D40 /* ToolbarStatus.swift */,
			);
			path = ToolbarContent;
			sourceTree = "<group>";
		};
		3BB3B7342B9D5A050093EDF2 /* Configuration */ = {
			isa = PBXGroup;
			children = (
				3BB3B7332B9D59C00093EDF2 /* Info.xcconfig */,
				3BB3B7352B9D5B920093EDF2 /* UnitTests.xcconfig */,
			);
			path = Configuration;
			sourceTree = "<group>";
		};
/* End PBXGroup section */

/* Begin PBXNativeTarget section */
		3B4402F529A2A2F2003CAB42 /* Earthquakes */ = {
			isa = PBXNativeTarget;
			buildConfigurationList = 3B44030429A2A2F5003CAB42 /* Build configuration list for PBXNativeTarget "Earthquakes" */;
			buildPhases = (
				3B4402F229A2A2F2003CAB42 /* Sources */,
				3B4402F329A2A2F2003CAB42 /* Frameworks */,
				3B4402F429A2A2F2003CAB42 /* Resources */,
				3B44030929A2A35A003CAB42 /* SwiftLint */,
			);
			buildRules = (
			);
			dependencies = (
			);
			name = Earthquakes;
			productName = Earthquakes;
			productReference = 3B4402F629A2A2F2003CAB42 /* Earthquakes.app */;
			productType = "com.apple.product-type.application";
		};
		3BA42B0029BCC2DE00A05D40 /* EarthquakesTests */ = {
			isa = PBXNativeTarget;
			buildConfigurationList = 3BA42B0729BCC2DE00A05D40 /* Build configuration list for PBXNativeTarget "EarthquakesTests" */;
			buildPhases = (
				3BA42AFD29BCC2DE00A05D40 /* Sources */,
				3BA42AFE29BCC2DE00A05D40 /* Frameworks */,
				3BA42AFF29BCC2DE00A05D40 /* Resources */,
			);
			buildRules = (
			);
			dependencies = (
				3BA42B0629BCC2DE00A05D40 /* PBXTargetDependency */,
			);
			name = EarthquakesTests;
			productName = EarthquakesTests;
			productReference = 3BA42B0129BCC2DE00A05D40 /* EarthquakesTests.xctest */;
			productType = "com.apple.product-type.bundle.unit-test";
		};
/* End PBXNativeTarget section */

/* Begin PBXProject section */
		3B4402EE29A2A2F2003CAB42 /* Project object */ = {
			isa = PBXProject;
			attributes = {
				BuildIndependentTargetsInParallel = 1;
				LastSwiftUpdateCheck = 1410;
				LastUpgradeCheck = 1500;
				TargetAttributes = {
					3B4402F529A2A2F2003CAB42 = {
						CreatedOnToolsVersion = 14.1;
					};
					3BA42B0029BCC2DE00A05D40 = {
						CreatedOnToolsVersion = 14.1;
						TestTargetID = 3B4402F529A2A2F2003CAB42;
					};
				};
			};
			buildConfigurationList = 3B4402F129A2A2F2003CAB42 /* Build configuration list for PBXProject "Earthquakes" */;
			compatibilityVersion = "Xcode 14.0";
			developmentRegion = en;
			hasScannedForEncodings = 0;
			knownRegions = (
				en,
				Base,
			);
			mainGroup = 3B4402ED29A2A2F2003CAB42;
			productRefGroup = 3B4402F729A2A2F2003CAB42 /* Products */;
			projectDirPath = "";
			projectRoot = "";
			targets = (
				3B4402F529A2A2F2003CAB42 /* Earthquakes */,
				3BA42B0029BCC2DE00A05D40 /* EarthquakesTests */,
			);
		};
/* End PBXProject section */

/* Begin PBXResourcesBuildPhase section */
		3B4402F429A2A2F2003CAB42 /* Resources */ = {
			isa = PBXResourcesBuildPhase;
			buildActionMask = 2147483647;
			files = (
				3B44030829A2A30A003CAB42 /* README.md in Resources */,
				3B44030129A2A2F5003CAB42 /* Preview Assets.xcassets in Resources */,
				3B4402FE29A2A2F5003CAB42 /* Assets.xcassets in Resources */,
			);
			runOnlyForDeploymentPostprocessing = 0;
		};
		3BA42AFF29BCC2DE00A05D40 /* Resources */ = {
			isa = PBXResourcesBuildPhase;
			buildActionMask = 2147483647;
			files = (
			);
			runOnlyForDeploymentPostprocessing = 0;
		};
/* End PBXResourcesBuildPhase section */

/* Begin PBXShellScriptBuildPhase section */
		3B44030929A2A35A003CAB42 /* SwiftLint */ = {
			isa = PBXShellScriptBuildPhase;
			alwaysOutOfDate = 1;
			buildActionMask = 2147483647;
			files = (
			);
			inputFileListPaths = (
			);
			inputPaths = (
			);
			name = SwiftLint;
			outputFileListPaths = (
			);
			outputPaths = (
			);
			runOnlyForDeploymentPostprocessing = 0;
			shellPath = /bin/sh;
			shellScript = "if [[ \"$(uname -m)\" == arm64 ]]; then\n    export PATH=\"/opt/homebrew/bin:$PATH\"\nfi\n\nif which swiftlint > /dev/null; then\n  swiftlint\nelse\n  echo \"warning: SwiftLint not installed\"\nfi\n";
		};
/* End PBXShellScriptBuildPhase section */

/* Begin PBXSourcesBuildPhase section */
		3B4402F229A2A2F2003CAB42 /* Sources */ = {
			isa = PBXSourcesBuildPhase;
			buildActionMask = 2147483647;
			files = (
				3BA42B1429BD9CC600A05D40 /* TestData.swift in Sources */,
				3BA42B0D29BD902100A05D40 /* GeoJSON.swift in Sources */,
				3BA42B1129BD9AD000A05D40 /* HTTPDataDownloader.swift in Sources */,
				3BA42B1329BD9B8500A05D40 /* QuakeClient.swift in Sources */,
				3BA42B1A29BDA01300A05D40 /* QuakeRow.swift in Sources */,
				3BA42B3729BDECD100A05D40 /* QuakeDetailMap.swift in Sources */,
				3BA42AFC29BCBFAB00A05D40 /* QuakeError.swift in Sources */,
				3BA42B1829BD9FC300A05D40 /* Quakes.swift in Sources */,
				3BA42B2F29BDD33000A05D40 /* CacheEntryObject.swift in Sources */,
				3BA42B2729BDA0FE00A05D40 /* RefreshButton.swift in Sources */,
				3BA42B2D29BDCDA500A05D40 /* QuakesProvider.swift in Sources */,
				3BA42B1C29BDA04900A05D40 /* QuakeMagnitude.swift in Sources */,
				3BA42B2B29BDA10C00A05D40 /* ToolbarStatus.swift in Sources */,
				3BA42B0F29BD938900A05D40 /* QuakeLocation.swift in Sources */,
				3BA42B2929BDA10500A05D40 /* SelectButton.swift in Sources */,
				3BA42B1E29BDA07600A05D40 /* Quake+Color.swift in Sources */,
				3BA42B3329BDE6D500A05D40 /* Quake+Preview.swift in Sources */,
				3BA42B1629BD9D4A00A05D40 /* TestDownloader.swift in Sources */,
				3BA42AFA29BCBEDA00A05D40 /* Quake.swift in Sources */,
				3BA42B2329BDA0EF00A05D40 /* EditButton.swift in Sources */,
				3B4402FA29A2A2F2003CAB42 /* EarthquakesApp.swift in Sources */,
				3BA42B2129BDA0E800A05D40 /* DeleteButton.swift in Sources */,
				3BA42B2529BDA0F700A05D40 /* Quakes+Toolbar.swift in Sources */,
				3BA42B3529BDE79200A05D40 /* QuakeDetail.swift in Sources */,
				3BA42B3129BDD37800A05D40 /* NSCache+Subscript.swift in Sources */,
			);
			runOnlyForDeploymentPostprocessing = 0;
		};
		3BA42AFD29BCC2DE00A05D40 /* Sources */ = {
			isa = PBXSourcesBuildPhase;
			buildActionMask = 2147483647;
			files = (
				3BA42B0429BCC2DE00A05D40 /* EarthquakesTests.swift in Sources */,
			);
			runOnlyForDeploymentPostprocessing = 0;
		};
/* End PBXSourcesBuildPhase section */

/* Begin PBXTargetDependency section */
		3BA42B0629BCC2DE00A05D40 /* PBXTargetDependency */ = {
			isa = PBXTargetDependency;
			target = 3B4402F529A2A2F2003CAB42 /* Earthquakes */;
			targetProxy = 3BA42B0529BCC2DE00A05D40 /* PBXContainerItemProxy */;
		};
/* End PBXTargetDependency section */

/* Begin XCBuildConfiguration section */
		3B44030229A2A2F5003CAB42 /* Debug */ = {
			isa = XCBuildConfiguration;
			baseConfigurationReference = 3BB3B7332B9D59C00093EDF2 /* Info.xcconfig */;
			buildSettings = {
				ALWAYS_SEARCH_USER_PATHS = NO;
				CLANG_ANALYZER_NONNULL = YES;
				CLANG_ANALYZER_NUMBER_OBJECT_CONVERSION = YES_AGGRESSIVE;
				CLANG_CXX_LANGUAGE_STANDARD = "gnu++20";
				CLANG_ENABLE_MODULES = YES;
				CLANG_ENABLE_OBJC_ARC = YES;
				CLANG_ENABLE_OBJC_WEAK = YES;
				CLANG_WARN_BLOCK_CAPTURE_AUTORELEASING = YES;
				CLANG_WARN_BOOL_CONVERSION = YES;
				CLANG_WARN_COMMA = YES;
				CLANG_WARN_CONSTANT_CONVERSION = YES;
				CLANG_WARN_DEPRECATED_OBJC_IMPLEMENTATIONS = YES;
				CLANG_WARN_DIRECT_OBJC_ISA_USAGE = YES_ERROR;
				CLANG_WARN_DOCUMENTATION_COMMENTS = YES;
				CLANG_WARN_EMPTY_BODY = YES;
				CLANG_WARN_ENUM_CONVERSION = YES;
				CLANG_WARN_INFINITE_RECURSION = YES;
				CLANG_WARN_INT_CONVERSION = YES;
				CLANG_WARN_NON_LITERAL_NULL_CONVERSION = YES;
				CLANG_WARN_OBJC_IMPLICIT_RETAIN_SELF = YES;
				CLANG_WARN_OBJC_LITERAL_CONVERSION = YES;
				CLANG_WARN_OBJC_ROOT_CLASS = YES_ERROR;
				CLANG_WARN_QUOTED_INCLUDE_IN_FRAMEWORK_HEADER = YES;
				CLANG_WARN_RANGE_LOOP_ANALYSIS = YES;
				CLANG_WARN_STRICT_PROTOTYPES = YES;
				CLANG_WARN_SUSPICIOUS_MOVE = YES;
				CLANG_WARN_UNGUARDED_AVAILABILITY = YES_AGGRESSIVE;
				CLANG_WARN_UNREACHABLE_CODE = YES;
				CLANG_WARN__DUPLICATE_METHOD_MATCH = YES;
				COPY_PHASE_STRIP = NO;
				DEBUG_INFORMATION_FORMAT = dwarf;
				ENABLE_STRICT_OBJC_MSGSEND = YES;
				ENABLE_TESTABILITY = YES;
				GCC_C_LANGUAGE_STANDARD = gnu11;
				GCC_DYNAMIC_NO_PIC = NO;
				GCC_NO_COMMON_BLOCKS = YES;
				GCC_OPTIMIZATION_LEVEL = 0;
				GCC_PREPROCESSOR_DEFINITIONS = (
					"DEBUG=1",
					"$(inherited)",
				);
				GCC_WARN_64_TO_32_BIT_CONVERSION = YES;
				GCC_WARN_ABOUT_RETURN_TYPE = YES_ERROR;
				GCC_WARN_UNDECLARED_SELECTOR = YES;
				GCC_WARN_UNINITIALIZED_AUTOS = YES_AGGRESSIVE;
				GCC_WARN_UNUSED_FUNCTION = YES;
				GCC_WARN_UNUSED_VARIABLE = YES;
				IPHONEOS_DEPLOYMENT_TARGET = 16.1;
				MTL_ENABLE_DEBUG_INFO = INCLUDE_SOURCE;
				MTL_FAST_MATH = YES;
				ONLY_ACTIVE_ARCH = YES;
				SDKROOT = iphoneos;
				SWIFT_ACTIVE_COMPILATION_CONDITIONS = DEBUG;
				SWIFT_OPTIMIZATION_LEVEL = "-Onone";
			};
			name = Debug;
		};
		3B44030329A2A2F5003CAB42 /* Release */ = {
			isa = XCBuildConfiguration;
			baseConfigurationReference = 3BB3B7332B9D59C00093EDF2 /* Info.xcconfig */;
			buildSettings = {
				ALWAYS_SEARCH_USER_PATHS = NO;
				CLANG_ANALYZER_NONNULL = YES;
				CLANG_ANALYZER_NUMBER_OBJECT_CONVERSION = YES_AGGRESSIVE;
				CLANG_CXX_LANGUAGE_STANDARD = "gnu++20";
				CLANG_ENABLE_MODULES = YES;
				CLANG_ENABLE_OBJC_ARC = YES;
				CLANG_ENABLE_OBJC_WEAK = YES;
				CLANG_WARN_BLOCK_CAPTURE_AUTORELEASING = YES;
				CLANG_WARN_BOOL_CONVERSION = YES;
				CLANG_WARN_COMMA = YES;
				CLANG_WARN_CONSTANT_CONVERSION = YES;
				CLANG_WARN_DEPRECATED_OBJC_IMPLEMENTATIONS = YES;
				CLANG_WARN_DIRECT_OBJC_ISA_USAGE = YES_ERROR;
				CLANG_WARN_DOCUMENTATION_COMMENTS = YES;
				CLANG_WARN_EMPTY_BODY = YES;
				CLANG_WARN_ENUM_CONVERSION = YES;
				CLANG_WARN_INFINITE_RECURSION = YES;
				CLANG_WARN_INT_CONVERSION = YES;
				CLANG_WARN_NON_LITERAL_NULL_CONVERSION = YES;
				CLANG_WARN_OBJC_IMPLICIT_RETAIN_SELF = YES;
				CLANG_WARN_OBJC_LITERAL_CONVERSION = YES;
				CLANG_WARN_OBJC_ROOT_CLASS = YES_ERROR;
				CLANG_WARN_QUOTED_INCLUDE_IN_FRAMEWORK_HEADER = YES;
				CLANG_WARN_RANGE_LOOP_ANALYSIS = YES;
				CLANG_WARN_STRICT_PROTOTYPES = YES;
				CLANG_WARN_SUSPICIOUS_MOVE = YES;
				CLANG_WARN_UNGUARDED_AVAILABILITY = YES_AGGRESSIVE;
				CLANG_WARN_UNREACHABLE_CODE = YES;
				CLANG_WARN__DUPLICATE_METHOD_MATCH = YES;
				COPY_PHASE_STRIP = NO;
				DEBUG_INFORMATION_FORMAT = "dwarf-with-dsym";
				ENABLE_NS_ASSERTIONS = NO;
				ENABLE_STRICT_OBJC_MSGSEND = YES;
				GCC_C_LANGUAGE_STANDARD = gnu11;
				GCC_NO_COMMON_BLOCKS = YES;
				GCC_WARN_64_TO_32_BIT_CONVERSION = YES;
				GCC_WARN_ABOUT_RETURN_TYPE = YES_ERROR;
				GCC_WARN_UNDECLARED_SELECTOR = YES;
				GCC_WARN_UNINITIALIZED_AUTOS = YES_AGGRESSIVE;
				GCC_WARN_UNUSED_FUNCTION = YES;
				GCC_WARN_UNUSED_VARIABLE = YES;
				IPHONEOS_DEPLOYMENT_TARGET = 16.1;
				MTL_ENABLE_DEBUG_INFO = NO;
				MTL_FAST_MATH = YES;
				SDKROOT = iphoneos;
				SWIFT_COMPILATION_MODE = wholemodule;
				SWIFT_OPTIMIZATION_LEVEL = "-O";
				VALIDATE_PRODUCT = YES;
			};
			name = Release;
		};
		3B44030529A2A2F5003CAB42 /* Debug */ = {
			isa = XCBuildConfiguration;
			baseConfigurationReference = 3BB3B7332B9D59C00093EDF2 /* Info.xcconfig */;
			buildSettings = {
				ASSETCATALOG_COMPILER_APPICON_NAME = AppIcon;
				ASSETCATALOG_COMPILER_GLOBAL_ACCENT_COLOR_NAME = AccentColor;
				CODE_SIGN_STYLE = Automatic;
				CURRENT_PROJECT_VERSION = 1;
				DEVELOPMENT_ASSET_PATHS = "\"Earthquakes/Preview Content\"";
				ENABLE_PREVIEWS = YES;
				GENERATE_INFOPLIST_FILE = YES;
				INFOPLIST_KEY_UIApplicationSceneManifest_Generation = YES;
				INFOPLIST_KEY_UIApplicationSupportsIndirectInputEvents = YES;
				INFOPLIST_KEY_UILaunchScreen_Generation = YES;
				INFOPLIST_KEY_UISupportedInterfaceOrientations_iPad = "UIInterfaceOrientationPortrait UIInterfaceOrientationPortraitUpsideDown UIInterfaceOrientationLandscapeLeft UIInterfaceOrientationLandscapeRight";
				INFOPLIST_KEY_UISupportedInterfaceOrientations_iPhone = "UIInterfaceOrientationPortrait UIInterfaceOrientationLandscapeLeft UIInterfaceOrientationLandscapeRight";
				IPHONEOS_DEPLOYMENT_TARGET = 15.0;
				LD_RUNPATH_SEARCH_PATHS = (
					"$(inherited)",
					"@executable_path/Frameworks",
				);
				MARKETING_VERSION = 1.0;
				PRODUCT_NAME = "$(TARGET_NAME)";
				SUPPORTED_PLATFORMS = "iphoneos iphonesimulator";
				SUPPORTS_MACCATALYST = NO;
				SUPPORTS_MAC_DESIGNED_FOR_IPHONE_IPAD = NO;
				SWIFT_EMIT_LOC_STRINGS = YES;
				SWIFT_VERSION = 5.0;
				TARGETED_DEVICE_FAMILY = 1;
			};
			name = Debug;
		};
		3B44030629A2A2F5003CAB42 /* Release */ = {
			isa = XCBuildConfiguration;
			baseConfigurationReference = 3BB3B7332B9D59C00093EDF2 /* Info.xcconfig */;
			buildSettings = {
				ASSETCATALOG_COMPILER_APPICON_NAME = AppIcon;
				ASSETCATALOG_COMPILER_GLOBAL_ACCENT_COLOR_NAME = AccentColor;
				CODE_SIGN_STYLE = Automatic;
				CURRENT_PROJECT_VERSION = 1;
				DEVELOPMENT_ASSET_PATHS = "\"Earthquakes/Preview Content\"";
				ENABLE_PREVIEWS = YES;
				GENERATE_INFOPLIST_FILE = YES;
				INFOPLIST_KEY_UIApplicationSceneManifest_Generation = YES;
				INFOPLIST_KEY_UIApplicationSupportsIndirectInputEvents = YES;
				INFOPLIST_KEY_UILaunchScreen_Generation = YES;
				INFOPLIST_KEY_UISupportedInterfaceOrientations_iPad = "UIInterfaceOrientationPortrait UIInterfaceOrientationPortraitUpsideDown UIInterfaceOrientationLandscapeLeft UIInterfaceOrientationLandscapeRight";
				INFOPLIST_KEY_UISupportedInterfaceOrientations_iPhone = "UIInterfaceOrientationPortrait UIInterfaceOrientationLandscapeLeft UIInterfaceOrientationLandscapeRight";
				IPHONEOS_DEPLOYMENT_TARGET = 15.0;
				LD_RUNPATH_SEARCH_PATHS = (
					"$(inherited)",
					"@executable_path/Frameworks",
				);
				MARKETING_VERSION = 1.0;
				PRODUCT_NAME = "$(TARGET_NAME)";
				SUPPORTED_PLATFORMS = "iphoneos iphonesimulator";
				SUPPORTS_MACCATALYST = NO;
				SUPPORTS_MAC_DESIGNED_FOR_IPHONE_IPAD = NO;
				SWIFT_EMIT_LOC_STRINGS = YES;
				SWIFT_VERSION = 5.0;
				TARGETED_DEVICE_FAMILY = 1;
			};
			name = Release;
		};
		3BA42B0829BCC2DE00A05D40 /* Debug */ = {
			isa = XCBuildConfiguration;
			baseConfigurationReference = 3BB3B7352B9D5B920093EDF2 /* UnitTests.xcconfig */;
			buildSettings = {
				BUNDLE_LOADER = "$(TEST_HOST)";
				CODE_SIGN_STYLE = Automatic;
				CURRENT_PROJECT_VERSION = 1;
				GENERATE_INFOPLIST_FILE = YES;
				MARKETING_VERSION = 1.0;
				PRODUCT_NAME = "$(TARGET_NAME)";
				SUPPORTED_PLATFORMS = "iphoneos iphonesimulator";
				SUPPORTS_MACCATALYST = NO;
				SUPPORTS_MAC_DESIGNED_FOR_IPHONE_IPAD = NO;
				SWIFT_EMIT_LOC_STRINGS = NO;
				SWIFT_VERSION = 5.0;
				TARGETED_DEVICE_FAMILY = 1;
				TEST_HOST = "$(BUILT_PRODUCTS_DIR)/Earthquakes.app/$(BUNDLE_EXECUTABLE_FOLDER_PATH)/Earthquakes";
			};
			name = Debug;
		};
		3BA42B0929BCC2DE00A05D40 /* Release */ = {
			isa = XCBuildConfiguration;
			baseConfigurationReference = 3BB3B7352B9D5B920093EDF2 /* UnitTests.xcconfig */;
			buildSettings = {
				BUNDLE_LOADER = "$(TEST_HOST)";
				CODE_SIGN_STYLE = Automatic;
				CURRENT_PROJECT_VERSION = 1;
				GENERATE_INFOPLIST_FILE = YES;
				MARKETING_VERSION = 1.0;
				PRODUCT_NAME = "$(TARGET_NAME)";
				SUPPORTED_PLATFORMS = "iphoneos iphonesimulator";
				SUPPORTS_MACCATALYST = NO;
				SUPPORTS_MAC_DESIGNED_FOR_IPHONE_IPAD = NO;
				SWIFT_EMIT_LOC_STRINGS = NO;
				SWIFT_VERSION = 5.0;
				TARGETED_DEVICE_FAMILY = 1;
				TEST_HOST = "$(BUILT_PRODUCTS_DIR)/Earthquakes.app/$(BUNDLE_EXECUTABLE_FOLDER_PATH)/Earthquakes";
			};
			name = Release;
		};
/* End XCBuildConfiguration section */

/* Begin XCConfigurationList section */
		3B4402F129A2A2F2003CAB42 /* Build configuration list for PBXProject "Earthquakes" */ = {
			isa = XCConfigurationList;
			buildConfigurations = (
				3B44030229A2A2F5003CAB42 /* Debug */,
				3B44030329A2A2F5003CAB42 /* Release */,
			);
			defaultConfigurationIsVisible = 0;
			defaultConfigurationName = Release;
		};
		3B44030429A2A2F5003CAB42 /* Build configuration list for PBXNativeTarget "Earthquakes" */ = {
			isa = XCConfigurationList;
			buildConfigurations = (
				3B44030529A2A2F5003CAB42 /* Debug */,
				3B44030629A2A2F5003CAB42 /* Release */,
			);
			defaultConfigurationIsVisible = 0;
			defaultConfigurationName = Release;
		};
		3BA42B0729BCC2DE00A05D40 /* Build configuration list for PBXNativeTarget "EarthquakesTests" */ = {
			isa = XCConfigurationList;
			buildConfigurations = (
				3BA42B0829BCC2DE00A05D40 /* Debug */,
				3BA42B0929BCC2DE00A05D40 /* Release */,
			);
			defaultConfigurationIsVisible = 0;
			defaultConfigurationName = Release;
		};
/* End XCConfigurationList section */
	};
	rootObject = 3B4402EE29A2A2F2003CAB42 /* Project object */;
}
